version: 2
models:
  - name: core__dim_block
    description: "Records of all blocks that have occurred on Algorand, dating back to the genesis block. "
    columns:
      - name: DIM_BLOCK_ID
        description: "{{ doc('sk') }}"
        tests:
          - dbt_expectations.expect_column_to_exist
      - name: BLOCK_ID
        description: "{{ doc('block_id') }}"
        tests:
          - not_null:
              where: DIM_BLOCK_ID not in ('-1','-2')
      - name: BLOCK_TIMESTAMP
        description: "{{ doc('block_timestamp') }}"
        tests:
          - not_null:
              where: DIM_BLOCK_ID not in ('-1','-2')
          - dbt_expectations.expect_row_values_to_have_recent_data:
              datepart: day
              interval: 1
      - name: BLOCK_DATE
        description: "{{ doc('block_date') }}"
        tests:
          - not_null:
              where: DIM_BLOCK_ID not in ('-1','-2')
      - name: BLOCK_HOUR
        description: "{{ doc('block_date') }}"
        tests:
          - not_null:
              where: DIM_BLOCK_ID not in ('-1','-2')
      - name: BLOCK_WEEK
        description: "{{ doc('block_date') }}"
        tests:
          - not_null:
              where: DIM_BLOCK_ID not in ('-1','-2')
      - name: BLOCK_MONTH
        description: "The numeric month of block minting(without a timezone)"
      - name: BLOCK_QUARTER
        description: "The numeric quarter of block minting(without a timezone)"
      - name: BLOCK_YEAR
        description: "The numeric year of block minting(without a timezone)"
      - name: BLOCK_DAYOFMONTH
        description: "The numeric day of month of block minting(without a timezone)"
      - name: BLOCK_DAYOFWEEK
        description: "The numeric day of week of block minting(without a timezone)"
      - name: BLOCK_DAYOFYEAR
        description: "The numeric day of year of block minting(without a timezone)"
      - name: REWARDS_LEVEL
        description: "How many rewards, in MicroAlgos, have been distributed to each RewardUnit of MicroAlgos since genesis. Link: https://algorand.github.io/java-algorand-sdk/com/algorand/algosdk/v2/client/model/BlockRewards.html"
        tests:
          - not_null:
              where: DIM_BLOCK_ID not in ('-1','-2')
      - name: NETWORK
        description: "Signifying whether the block is from mainnet or testnet"
        tests:
          - not_null:
              where: DIM_BLOCK_ID not in ('-1','-2')
      - name: GENESIS_HASH
        description:  "{{ doc('genesis_hash') }}"
        tests:
          - not_null:
              where: DIM_BLOCK_ID not in ('-1','-2')
      - name: PREV_BLOCK_HASH
        description:  "ID to which the block before this belongs"
        tests:
          - not_null:
              where: DIM_BLOCK_ID not in ('-1','-2') and BLOCK_ID <> 0
      - name: TXN_ROOT
        description: "TransactionsRoot authenticates the set of transactions appearing in the block. More specifically, it's the root of a merkle tree whose leaves are the block's Txids, in lexicographic order. For the empty block, it's 0. Note that the TxnRoot does not authenticate the signatures on the transactions, only the transactions themselves. Two blocks with the same transactions but in a different order and with different signatures will have the same TxnRoot."
        tests:
          - dbt_expectations.expect_column_to_exist
      - name: HEADER
        description:  Block details, see rules below- for more message details https://developer.algorand.org/docs/rest-apis/indexer/#blockrewards
        tests:
          - not_null:
              where: DIM_BLOCK_ID not in ('-1','-2')
    tests:
      - dbt_constraints.primary_key:
          column_name: DIM_BLOCK_ID
